
Microsoft Visual Studio Solution File, Format Version 12.00
# Visual Studio Version 17
VisualStudioVersion = 17.8.34330.188
MinimumVisualStudioVersion = 10.0.40219.1
Project("{FAE04EC0-301F-11D3-BF4B-00C04F79EFBC}") = "PhotoGallary", "PhotoGallary\PhotoGallary.csproj", "{206A5372-AEF0-4980-B547-8BEBED92DFB2}"
EndProject
Project("{FAE04EC0-301F-11D3-BF4B-00C04F79EFBC}") = "PhotoGallary-Reopsitary", "PhotoGallary-Reopsitary\PhotoGallary-Reopsitary.csproj", "{1ECBE5E5-A6FA-48E2-BA90-DDA48914A3E8}"
EndProject
Global
	GlobalSection(SolutionConfigurationPlatforms) = preSolution
		Debug|Any CPU = Debug|Any CPU
		Release|Any CPU = Release|Any CPU
	EndGlobalSection
	GlobalSection(ProjectConfigurationPlatforms) = postSolution
		{206A5372-AEF0-4980-B547-8BEBED92DFB2}.Debug|Any CPU.ActiveCfg = Debug|Any CPU
		{206A5372-AEF0-4980-B547-8BEBED92DFB2}.Debug|Any CPU.Build.0 = Debug|Any CPU
		{206A5372-AEF0-4980-B547-8BEBED92DFB2}.Release|Any CPU.ActiveCfg = Release|Any CPU
		{206A5372-AEF0-4980-B547-8BEBED92DFB2}.Release|Any CPU.Build.0 = Release|Any CPU
		{1ECBE5E5-A6FA-48E2-BA90-DDA48914A3E8}.Debug|Any CPU.ActiveCfg = Debug|Any CPU
		{1ECBE5E5-A6FA-48E2-BA90-DDA48914A3E8}.Debug|Any CPU.Build.0 = Debug|Any CPU
		{1ECBE5E5-A6FA-48E2-BA90-DDA48914A3E8}.Release|Any CPU.ActiveCfg = Release|Any CPU
		{1ECBE5E5-A6FA-48E2-BA90-DDA48914A3E8}.Release|Any CPU.Build.0 = Release|Any CPU
	EndGlobalSection
	GlobalSection(SolutionProperties) = preSolution
		HideSolutionNode = FALSE
	EndGlobalSection
	GlobalSection(ExtensibilityGlobals) = postSolution
		SolutionGuid = {5114684E-8CB2-4D17-B62B-8BB513E0998C}
	EndGlobalSection
EndGlobal
